
Microsoft Visual Studio Solution File, Format Version 12.00
# Visual Studio Version 17
VisualStudioVersion = 17.1.32421.90
MinimumVisualStudioVersion = 10.0.40219.1
Project("{FAE04EC0-301F-11D3-BF4B-00C04F79EFBC}") = "Xray", "Xray\Xray.csproj", "{FEDB8AA4-A899-43AC-878E-777A3FF29C64}"
EndProject
Global
	GlobalSection(SolutionConfigurationPlatforms) = preSolution
		Debug|Any CPU = Debug|Any CPU
		Release|Any CPU = Release|Any CPU
	EndGlobalSection
	GlobalSection(ProjectConfigurationPlatforms) = postSolution
		{FEDB8AA4-A899-43AC-878E-777A3FF29C64}.Debug|Any CPU.ActiveCfg = Debug|Any CPU
		{FEDB8AA4-A899-43AC-878E-777A3FF29C64}.Debug|Any CPU.Build.0 = Debug|Any CPU
		{FEDB8AA4-A899-43AC-878E-777A3FF29C64}.Release|Any CPU.ActiveCfg = Release|Any CPU
		{FEDB8AA4-A899-43AC-878E-777A3FF29C64}.Release|Any CPU.Build.0 = Release|Any CPU
	EndGlobalSection
	GlobalSection(SolutionProperties) = preSolution
		HideSolutionNode = FALSE
	EndGlobalSection
	GlobalSection(ExtensibilityGlobals) = postSolution
		SolutionGuid = {ACAE1DE0-2222-4030-8D32-7068E43A7462}
	EndGlobalSection
EndGlobal
